// !$*UTF8*$!
{
	archiveVersion = 1;
	classes = {
	};
	objectVersion = 46;
	objects = {

/* Begin PBXBuildFile section */
		AFB840691A5AE68D00DFF4CA /* AppDelegate.swift in Sources */ = {isa = PBXBuildFile; fileRef = AFB840681A5AE68D00DFF4CA /* AppDelegate.swift */; };
		AFB8406B1A5AE68D00DFF4CA /* ViewController.swift in Sources */ = {isa = PBXBuildFile; fileRef = AFB8406A1A5AE68D00DFF4CA /* ViewController.swift */; };
		AFB8406E1A5AE68E00DFF4CA /* Main.storyboard in Resources */ = {isa = PBXBuildFile; fileRef = AFB8406C1A5AE68E00DFF4CA /* Main.storyboard */; };
		AFB840701A5AE68E00DFF4CA /* Images.xcassets in Resources */ = {isa = PBXBuildFile; fileRef = AFB8406F1A5AE68E00DFF4CA /* Images.xcassets */; };
		AFB840731A5AE68E00DFF4CA /* LaunchScreen.xib in Resources */ = {isa = PBXBuildFile; fileRef = AFB840711A5AE68E00DFF4CA /* LaunchScreen.xib */; };
		AFB8407F1A5AE68E00DFF4CA /* City_navigation_barTests.swift in Sources */ = {isa = PBXBuildFile; fileRef = AFB8407E1A5AE68E00DFF4CA /* City_navigation_barTests.swift */; };
/* End PBXBuildFile section */

/* Begin PBXContainerItemProxy section */
		AFB840791A5AE68E00DFF4CA /* PBXContainerItemProxy */ = {
			isa = PBXContainerItemProxy;
			containerPortal = AFB8405B1A5AE68D00DFF4CA /* Project object */;
			proxyType = 1;
			remoteGlobalIDString = AFB840621A5AE68D00DFF4CA;
			remoteInfo = "City navigation bar";
		};
/* End PBXContainerItemProxy section */

/* Begin PBXFileReference section */
		AFB840631A5AE68D00DFF4CA /* City navigation bar.app */ = {isa = PBXFileReference; explicitFileType = wrapper.application; includeInIndex = 0; path = "City navigation bar.app"; sourceTree = BUILT_PRODUCTS_DIR; };
		AFB840671A5AE68D00DFF4CA /* Info.plist */ = {isa = PBXFileReference; lastKnownFileType = text.plist.xml; path = Info.plist; sourceTree = "<group>"; };
		AFB840681A5AE68D00DFF4CA /* AppDelegate.swift */ = {isa = PBXFileReference; lastKnownFileType = sourcecode.swift; path = AppDelegate.swift; sourceTree = "<group>"; };
		AFB8406A1A5AE68D00DFF4CA /* ViewController.swift */ = {isa = PBXFileReference; lastKnownFileType = sourcecode.swift; path = ViewController.swift; sourceTree = "<group>"; };
		AFB8406D1A5AE68E00DFF4CA /* Base */ = {isa = PBXFileReference; lastKnownFileType = file.storyboard; name = Base; path = Base.lproj/Main.storyboard; sourceTree = "<group>"; };
		AFB8406F1A5AE68E00DFF4CA /* Images.xcassets */ = {isa = PBXFileReference; lastKnownFileType = folder.assetcatalog; path = Images.xcassets; sourceTree = "<group>"; };
		AFB840721A5AE68E00DFF4CA /* Base */ = {isa = PBXFileReference; lastKnownFileType = file.xib; name = Base; path = Base.lproj/LaunchScreen.xib; sourceTree = "<group>"; };
		AFB840781A5AE68E00DFF4CA /* City navigation barTests.xctest */ = {isa = PBXFileReference; explicitFileType = wrapper.cfbundle; includeInIndex = 0; path = "City navigation barTests.xctest"; sourceTree = BUILT_PRODUCTS_DIR; };
		AFB8407D1A5AE68E00DFF4CA /* Info.plist */ = {isa = PBXFileReference; lastKnownFileType = text.plist.xml; path = Info.plist; sourceTree = "<group>"; };
		AFB8407E1A5AE68E00DFF4CA /* City_navigation_barTests.swift */ = {isa = PBXFileReference; lastKnownFileType = sourcecode.swift; path = City_navigation_barTests.swift; sourceTree = "<group>"; };
/* End PBXFileReference section */

/* Begin PBXFrameworksBuildPhase section */
		AFB840601A5AE68D00DFF4CA /* Frameworks */ = {
			isa = PBXFrameworksBuildPhase;
			buildActionMask = 2147483647;
			files = (
			);
			runOnlyForDeploymentPostprocessing = 0;
		};
		AFB840751A5AE68E00DFF4CA /* Frameworks */ = {
			isa = PBXFrameworksBuildPhase;
			buildActionMask = 2147483647;
			files = (
			);
			runOnlyForDeploymentPostprocessing = 0;
		};
/* End PBXFrameworksBuildPhase section */

/* Begin PBXGroup section */
		AFB8405A1A5AE68D00DFF4CA = {
			isa = PBXGroup;
			children = (
				AFB840651A5AE68D00DFF4CA /* City navigation bar */,
				AFB8407B1A5AE68E00DFF4CA /* City navigation barTests */,
				AFB840641A5AE68D00DFF4CA /* Products */,
			);
			sourceTree = "<group>";
		};
		AFB840641A5AE68D00DFF4CA /* Products */ = {
			isa = PBXGroup;
			children = (
				AFB840631A5AE68D00DFF4CA /* City navigation bar.app */,
				AFB840781A5AE68E00DFF4CA /* City navigation barTests.xctest */,
			);
			name = Products;
			sourceTree = "<group>";
		};
		AFB840651A5AE68D00DFF4CA /* City navigation bar */ = {
			isa = PBXGroup;
			children = (
				AFB840681A5AE68D00DFF4CA /* AppDelegate.swift */,
				AFB8406A1A5AE68D00DFF4CA /* ViewController.swift */,
				AFB8406C1A5AE68E00DFF4CA /* Main.storyboard */,
				AFB8406F1A5AE68E00DFF4CA /* Images.xcassets */,
				AFB840711A5AE68E00DFF4CA /* LaunchScreen.xib */,
				AFB840661A5AE68D00DFF4CA /* Supporting Files */,
			);
			path = "City navigation bar";
			sourceTree = "<group>";
		};
		AFB840661A5AE68D00DFF4CA /* Supporting Files */ = {
			isa = PBXGroup;
			children = (
				AFB840671A5AE68D00DFF4CA /* Info.plist */,
			);
			name = "Supporting Files";
			sourceTree = "<group>";
		};
		AFB8407B1A5AE68E00DFF4CA /* City navigation barTests */ = {
			isa = PBXGroup;
			children = (
				AFB8407E1A5AE68E00DFF4CA /* City_navigation_barTests.swift */,
				AFB8407C1A5AE68E00DFF4CA /* Supporting Files */,
			);
			path = "City navigation barTests";
			sourceTree = "<group>";
		};
		AFB8407C1A5AE68E00DFF4CA /* Supporting Files */ = {
			isa = PBXGroup;
			children = (
				AFB8407D1A5AE68E00DFF4CA /* Info.plist */,
			);
			name = "Supporting Files";
			sourceTree = "<group>";
		};
/* End PBXGroup section */

/* Begin PBXNativeTarget section */
		AFB840621A5AE68D00DFF4CA /* City navigation bar */ = {
			isa = PBXNativeTarget;
			buildConfigurationList = AFB840821A5AE68E00DFF4CA /* Build configuration list for PBXNativeTarget "City navigation bar" */;
			buildPhases = (
				AFB8405F1A5AE68D00DFF4CA /* Sources */,
				AFB840601A5AE68D00DFF4CA /* Frameworks */,
				AFB840611A5AE68D00DFF4CA /* Resources */,
			);
			buildRules = (
			);
			dependencies = (
			);
			name = "City navigation bar";
			productName = "City navigation bar";
			productReference = AFB840631A5AE68D00DFF4CA /* City navigation bar.app */;
			productType = "com.apple.product-type.application";
		};
		AFB840771A5AE68E00DFF4CA /* City navigation barTests */ = {
			isa = PBXNativeTarget;
			buildConfigurationList = AFB840851A5AE68E00DFF4CA /* Build configuration list for PBXNativeTarget "City navigation barTests" */;
			buildPhases = (
				AFB840741A5AE68E00DFF4CA /* Sources */,
				AFB840751A5AE68E00DFF4CA /* Frameworks */,
				AFB840761A5AE68E00DFF4CA /* Resources */,
			);
			buildRules = (
			);
			dependencies = (
				AFB8407A1A5AE68E00DFF4CA /* PBXTargetDependency */,
			);
			name = "City navigation barTests";
			productName = "City navigation barTests";
			productReference = AFB840781A5AE68E00DFF4CA /* City navigation barTests.xctest */;
			productType = "com.apple.product-type.bundle.unit-test";
		};
/* End PBXNativeTarget section */

/* Begin PBXProject section */
		AFB8405B1A5AE68D00DFF4CA /* Project object */ = {
			isa = PBXProject;
			attributes = {
				LastUpgradeCheck = 0610;
				ORGANIZATIONNAME = "John Doe";
				TargetAttributes = {
					AFB840621A5AE68D00DFF4CA = {
						CreatedOnToolsVersion = 6.1.1;
					};
					AFB840771A5AE68E00DFF4CA = {
						CreatedOnToolsVersion = 6.1.1;
						TestTargetID = AFB840621A5AE68D00DFF4CA;
					};
				};
			};
			buildConfigurationList = AFB8405E1A5AE68D00DFF4CA /* Build configuration list for PBXProject "City navigation bar" */;
			compatibilityVersion = "Xcode 3.2";
			developmentRegion = English;
			hasScannedForEncodings = 0;
			knownRegions = (
				en,
				Base,
			);
			mainGroup = AFB8405A1A5AE68D00DFF4CA;
			productRefGroup = AFB840641A5AE68D00DFF4CA /* Products */;
			projectDirPath = "";
			projectRoot = "";
			targets = (
				AFB840621A5AE68D00DFF4CA /* City navigation bar */,
				AFB840771A5AE68E00DFF4CA /* City navigation barTests */,
			);
		};
/* End PBXProject section */

/* Begin PBXResourcesBuildPhase section */
		AFB840611A5AE68D00DFF4CA /* Resources */ = {
			isa = PBXResourcesBuildPhase;
			buildActionMask = 2147483647;
			files = (
				AFB8406E1A5AE68E00DFF4CA /* Main.storyboard in Resources */,
				AFB840731A5AE68E00DFF4CA /* LaunchScreen.xib in Resources */,
				AFB840701A5AE68E00DFF4CA /* Images.xcassets in Resources */,
			);
			runOnlyForDeploymentPostprocessing = 0;
		};
		AFB840761A5AE68E00DFF4CA /* Resources */ = {
			isa = PBXResourcesBuildPhase;
			buildActionMask = 2147483647;
			files = (
			);
			runOnlyForDeploymentPostprocessing = 0;
		};
/* End PBXResourcesBuildPhase section */

/* Begin PBXSourcesBuildPhase section */
		AFB8405F1A5AE68D00DFF4CA /* Sources */ = {
			isa = PBXSourcesBuildPhase;
			buildActionMask = 2147483647;
			files = (
				AFB8406B1A5AE68D00DFF4CA /* ViewController.swift in Sources */,
				AFB840691A5AE68D00DFF4CA /* AppDelegate.swift in Sources */,
			);
			runOnlyForDeploymentPostprocessing = 0;
		};
		AFB840741A5AE68E00DFF4CA /* Sources */ = {
			isa = PBXSourcesBuildPhase;
			buildActionMask = 2147483647;
			files = (
				AFB8407F1A5AE68E00DFF4CA /* City_navigation_barTests.swift in Sources */,
			);
			runOnlyForDeploymentPostprocessing = 0;
		};
/* End PBXSourcesBuildPhase section */

/* Begin PBXTargetDependency section */
		AFB8407A1A5AE68E00DFF4CA /* PBXTargetDependency */ = {
			isa = PBXTargetDependency;
			target = AFB840621A5AE68D00DFF4CA /* City navigation bar */;
			targetProxy = AFB840791A5AE68E00DFF4CA /* PBXContainerItemProxy */;
		};
/* End PBXTargetDependency section */

/* Begin PBXVariantGroup section */
		AFB8406C1A5AE68E00DFF4CA /* Main.storyboard */ = {
			isa = PBXVariantGroup;
			children = (
				AFB8406D1A5AE68E00DFF4CA /* Base */,
			);
			name = Main.storyboard;
			sourceTree = "<group>";
		};
		AFB840711A5AE68E00DFF4CA /* LaunchScreen.xib */ = {
			isa = PBXVariantGroup;
			children = (
				AFB840721A5AE68E00DFF4CA /* Base */,
			);
			name = LaunchScreen.xib;
			sourceTree = "<group>";
		};
/* End PBXVariantGroup section */

/* Begin XCBuildConfiguration section */
		AFB840801A5AE68E00DFF4CA /* Debug */ = {
			isa = XCBuildConfiguration;
			buildSettings = {
				ALWAYS_SEARCH_USER_PATHS = NO;
				CLANG_CXX_LANGUAGE_STANDARD = "gnu++0x";
				CLANG_CXX_LIBRARY = "libc++";
				CLANG_ENABLE_MODULES = YES;
				CLANG_ENABLE_OBJC_ARC = YES;
				CLANG_WARN_BOOL_CONVERSION = YES;
				CLANG_WARN_CONSTANT_CONVERSION = YES;
				CLANG_WARN_DIRECT_OBJC_ISA_USAGE = YES_ERROR;
				CLANG_WARN_EMPTY_BODY = YES;
				CLANG_WARN_ENUM_CONVERSION = YES;
				CLANG_WARN_INT_CONVERSION = YES;
				CLANG_WARN_OBJC_ROOT_CLASS = YES_ERROR;
				CLANG_WARN_UNREACHABLE_CODE = YES;
				CLANG_WARN__DUPLICATE_METHOD_MATCH = YES;
				"CODE_SIGN_IDENTITY[sdk=iphoneos*]" = "iPhone Developer";
				COPY_PHASE_STRIP = NO;
				ENABLE_STRICT_OBJC_MSGSEND = YES;
				GCC_C_LANGUAGE_STANDARD = gnu99;
				GCC_DYNAMIC_NO_PIC = NO;
				GCC_OPTIMIZATION_LEVEL = 0;
				GCC_PREPROCESSOR_DEFINITIONS = (
					"DEBUG=1",
					"$(inherited)",
				);
				GCC_SYMBOLS_PRIVATE_EXTERN = NO;
				GCC_WARN_64_TO_32_BIT_CONVERSION = YES;
				GCC_WARN_ABOUT_RETURN_TYPE = YES_ERROR;
				GCC_WARN_UNDECLARED_SELECTOR = YES;
				GCC_WARN_UNINITIALIZED_AUTOS = YES_AGGRESSIVE;
				GCC_WARN_UNUSED_FUNCTION = YES;
				GCC_WARN_UNUSED_VARIABLE = YES;
				IPHONEOS_DEPLOYMENT_TARGET = 8.1;
				MTL_ENABLE_DEBUG_INFO = YES;
				ONLY_ACTIVE_ARCH = YES;
				SDKROOT = iphoneos;
				SWIFT_OPTIMIZATION_LEVEL = "-Onone";
			};
			name = Debug;
		};
		AFB840811A5AE68E00DFF4CA /* Release */ = {
			isa = XCBuildConfiguration;
			buildSettings = {
				ALWAYS_SEARCH_USER_PATHS = NO;
				CLANG_CXX_LANGUAGE_STANDARD = "gnu++0x";
				CLANG_CXX_LIBRARY = "libc++";
				CLANG_ENABLE_MODULES = YES;
				CLANG_ENABLE_OBJC_ARC = YES;
				CLANG_WARN_BOOL_CONVERSION = YES;
				CLANG_WARN_CONSTANT_CONVERSION = YES;
				CLANG_WARN_DIRECT_OBJC_ISA_USAGE = YES_ERROR;
				CLANG_WARN_EMPTY_BODY = YES;
				CLANG_WARN_ENUM_CONVERSION = YES;
				CLANG_WARN_INT_CONVERSION = YES;
				CLANG_WARN_OBJC_ROOT_CLASS = YES_ERROR;
				CLANG_WARN_UNREACHABLE_CODE = YES;
				CLANG_WARN__DUPLICATE_METHOD_MATCH = YES;
				"CODE_SIGN_IDENTITY[sdk=iphoneos*]" = "iPhone Developer";
				COPY_PHASE_STRIP = YES;
				ENABLE_NS_ASSERTIONS = NO;
				ENABLE_STRICT_OBJC_MSGSEND = YES;
				GCC_C_LANGUAGE_STANDARD = gnu99;
				GCC_WARN_64_TO_32_BIT_CONVERSION = YES;
				GCC_WARN_ABOUT_RETURN_TYPE = YES_ERROR;
				GCC_WARN_UNDECLARED_SELECTOR = YES;
				GCC_WARN_UNINITIALIZED_AUTOS = YES_AGGRESSIVE;
				GCC_WARN_UNUSED_FUNCTION = YES;
				GCC_WARN_UNUSED_VARIABLE = YES;
				IPHONEOS_DEPLOYMENT_TARGET = 8.1;
				MTL_ENABLE_DEBUG_INFO = NO;
				SDKROOT = iphoneos;
				VALIDATE_PRODUCT = YES;
			};
			name = Release;
		};
		AFB840831A5AE68E00DFF4CA /* Debug */ = {
			isa = XCBuildConfiguration;
			buildSettings = {
				ASSETCATALOG_COMPILER_APPICON_NAME = AppIcon;
				INFOPLIST_FILE = "City navigation bar/Info.plist";
				LD_RUNPATH_SEARCH_PATHS = "$(inherited) @executable_path/Frameworks";
				PRODUCT_NAME = "$(TARGET_NAME)";
			};
			name = Debug;
		};
		AFB840841A5AE68E00DFF4CA /* Release */ = {
			isa = XCBuildConfiguration;
			buildSettings = {
				ASSETCATALOG_COMPILER_APPICON_NAME = AppIcon;
				INFOPLIST_FILE = "City navigation bar/Info.plist";
				LD_RUNPATH_SEARCH_PATHS = "$(inherited) @executable_path/Frameworks";
				PRODUCT_NAME = "$(TARGET_NAME)";
			};
			name = Release;
		};
		AFB840861A5AE68E00DFF4CA /* Debug */ = {
			isa = XCBuildConfiguration;
			buildSettings = {
				BUNDLE_LOADER = "$(TEST_HOST)";
				FRAMEWORK_SEARCH_PATHS = (
					"$(SDKROOT)/Developer/Library/Frameworks",
					"$(inherited)",
				);
				GCC_PREPROCESSOR_DEFINITIONS = (
					"DEBUG=1",
					"$(inherited)",
				);
				INFOPLIST_FILE = "City navigation barTests/Info.plist";
				LD_RUNPATH_SEARCH_PATHS = "$(inherited) @executable_path/Frameworks @loader_path/Frameworks";
				PRODUCT_NAME = "$(TARGET_NAME)";
				TEST_HOST = "$(BUILT_PRODUCTS_DIR)/City navigation bar.app/City navigation bar";
			};
			name = Debug;
		};
		AFB840871A5AE68E00DFF4CA /* Release */ = {
			isa = XCBuildConfiguration;
			buildSettings = {
				BUNDLE_LOADER = "$(TEST_HOST)";
				FRAMEWORK_SEARCH_PATHS = (
					"$(SDKROOT)/Developer/Library/Frameworks",
					"$(inherited)",
				);
				INFOPLIST_FILE = "City navigation barTests/Info.plist";
				LD_RUNPATH_SEARCH_PATHS = "$(inherited) @executable_path/Frameworks @loader_path/Frameworks";
				PRODUCT_NAME = "$(TARGET_NAME)";
				TEST_HOST = "$(BUILT_PRODUCTS_DIR)/City navigation bar.app/City navigation bar";
			};
			name = Release;
		};
/* End XCBuildConfiguration section */

/* Begin XCConfigurationList section */
		AFB8405E1A5AE68D00DFF4CA /* Build configuration list for PBXProject "City navigation bar" */ = {
			isa = XCConfigurationList;
			buildConfigurations = (
				AFB840801A5AE68E00DFF4CA /* Debug */,
				AFB840811A5AE68E00DFF4CA /* Release */,
			);
			defaultConfigurationIsVisible = 0;
			defaultConfigurationName = Release;
		};
		AFB840821A5AE68E00DFF4CA /* Build configuration list for PBXNativeTarget "City navigation bar" */ = {
			isa = XCConfigurationList;
			buildConfigurations = (
				AFB840831A5AE68E00DFF4CA /* Debug */,
				AFB840841A5AE68E00DFF4CA /* Release */,
			);
			defaultConfigurationIsVisible = 0;
		};
		AFB840851A5AE68E00DFF4CA /* Build configuration list for PBXNativeTarget "City navigation barTests" */ = {
			isa = XCConfigurationList;
			buildConfigurations = (
				AFB840861A5AE68E00DFF4CA /* Debug */,
				AFB840871A5AE68E00DFF4CA /* Release */,
			);
			defaultConfigurationIsVisible = 0;
		};
/* End XCConfigurationList section */
	};
	rootObject = AFB8405B1A5AE68D00DFF4CA /* Project object */;
}
